
Microsoft Visual Studio Solution File, Format Version 12.00
Project("{2150E333-8FDC-42A3-9474-1A3956D46DE8}") = "0 - Presentation", "0 - Presentation", "{42224BB8-21D7-4818-8DBB-324EB110F017}"
EndProject
Project("{2150E333-8FDC-42A3-9474-1A3956D46DE8}") = "1 - Services", "1 - Services", "{54523EAD-1137-46A8-B201-1ED1F810D244}"
EndProject
Project("{2150E333-8FDC-42A3-9474-1A3956D46DE8}") = "3 - Domain", "3 - Domain", "{3D3E9805-BE3A-4A72-9F50-A79302C31960}"
EndProject
Project("{2150E333-8FDC-42A3-9474-1A3956D46DE8}") = "2 - Application", "2 - Application", "{345007FC-BD8E-46A1-A5F7-3210C26A2AE2}"
EndProject
Project("{2150E333-8FDC-42A3-9474-1A3956D46DE8}") = "4 - Infra", "4 - Infra", "{AEF1C308-8F94-4081-9B94-3E0783BC5E8F}"
EndProject
Project("{2150E333-8FDC-42A3-9474-1A3956D46DE8}") = "4.1 - Data", "4.1 - Data", "{07378383-D2C9-4236-B8FD-C2F06F011CD6}"
EndProject
Project("{2150E333-8FDC-42A3-9474-1A3956D46DE8}") = "4.2 - CrossCutting", "4.2 - CrossCutting", "{6B861BD0-4F9A-42AE-9153-E5915E476686}"
EndProject
Project("{FAE04EC0-301F-11D3-BF4B-00C04F79EFBC}") = "ProjetoModeloDDD", "ProjetoModeloDDD\ProjetoModeloDDD.csproj", "{D3A4F0DB-8811-4560-9814-39D752FCF3A2}"
EndProject
Project("{FAE04EC0-301F-11D3-BF4B-00C04F79EFBC}") = "Domain", "Domain\Domain.csproj", "{A0A3A59C-3E2E-4528-81ED-78912FB59A1C}"
EndProject
Project("{FAE04EC0-301F-11D3-BF4B-00C04F79EFBC}") = "Infra.Data", "Infra.Data\Infra.Data.csproj", "{C75E33D6-3CCE-4964-8812-0E6052441E93}"
EndProject
Project("{FAE04EC0-301F-11D3-BF4B-00C04F79EFBC}") = "Application", "Application\Application.csproj", "{9AFDF06D-14DD-4BF0-9580-18E9AF5BBDC3}"
EndProject
Global
	GlobalSection(SolutionConfigurationPlatforms) = preSolution
		Debug|Any CPU = Debug|Any CPU
		Release|Any CPU = Release|Any CPU
	EndGlobalSection
	GlobalSection(NestedProjects) = preSolution
		{07378383-D2C9-4236-B8FD-C2F06F011CD6} = {AEF1C308-8F94-4081-9B94-3E0783BC5E8F}
		{6B861BD0-4F9A-42AE-9153-E5915E476686} = {AEF1C308-8F94-4081-9B94-3E0783BC5E8F}
		{D3A4F0DB-8811-4560-9814-39D752FCF3A2} = {42224BB8-21D7-4818-8DBB-324EB110F017}
		{A0A3A59C-3E2E-4528-81ED-78912FB59A1C} = {3D3E9805-BE3A-4A72-9F50-A79302C31960}
		{C75E33D6-3CCE-4964-8812-0E6052441E93} = {07378383-D2C9-4236-B8FD-C2F06F011CD6}
		{9AFDF06D-14DD-4BF0-9580-18E9AF5BBDC3} = {345007FC-BD8E-46A1-A5F7-3210C26A2AE2}
	EndGlobalSection
	GlobalSection(ProjectConfigurationPlatforms) = postSolution
		{D3A4F0DB-8811-4560-9814-39D752FCF3A2}.Debug|Any CPU.ActiveCfg = Debug|Any CPU
		{D3A4F0DB-8811-4560-9814-39D752FCF3A2}.Debug|Any CPU.Build.0 = Debug|Any CPU
		{D3A4F0DB-8811-4560-9814-39D752FCF3A2}.Release|Any CPU.ActiveCfg = Release|Any CPU
		{D3A4F0DB-8811-4560-9814-39D752FCF3A2}.Release|Any CPU.Build.0 = Release|Any CPU
		{A0A3A59C-3E2E-4528-81ED-78912FB59A1C}.Debug|Any CPU.ActiveCfg = Debug|Any CPU
		{A0A3A59C-3E2E-4528-81ED-78912FB59A1C}.Debug|Any CPU.Build.0 = Debug|Any CPU
		{A0A3A59C-3E2E-4528-81ED-78912FB59A1C}.Release|Any CPU.ActiveCfg = Release|Any CPU
		{A0A3A59C-3E2E-4528-81ED-78912FB59A1C}.Release|Any CPU.Build.0 = Release|Any CPU
		{C75E33D6-3CCE-4964-8812-0E6052441E93}.Debug|Any CPU.ActiveCfg = Debug|Any CPU
		{C75E33D6-3CCE-4964-8812-0E6052441E93}.Debug|Any CPU.Build.0 = Debug|Any CPU
		{C75E33D6-3CCE-4964-8812-0E6052441E93}.Release|Any CPU.ActiveCfg = Release|Any CPU
		{C75E33D6-3CCE-4964-8812-0E6052441E93}.Release|Any CPU.Build.0 = Release|Any CPU
		{9AFDF06D-14DD-4BF0-9580-18E9AF5BBDC3}.Debug|Any CPU.ActiveCfg = Debug|Any CPU
		{9AFDF06D-14DD-4BF0-9580-18E9AF5BBDC3}.Debug|Any CPU.Build.0 = Debug|Any CPU
		{9AFDF06D-14DD-4BF0-9580-18E9AF5BBDC3}.Release|Any CPU.ActiveCfg = Release|Any CPU
		{9AFDF06D-14DD-4BF0-9580-18E9AF5BBDC3}.Release|Any CPU.Build.0 = Release|Any CPU
	EndGlobalSection
EndGlobal
