
Microsoft Visual Studio Solution File, Format Version 12.00
Project("{2150E333-8FDC-42A3-9474-1A3956D46DE8}") = "0 - Presentation", "0 - Presentation", "{E40842CA-C248-42F5-96F1-DED81575CE79}"
EndProject
Project("{2150E333-8FDC-42A3-9474-1A3956D46DE8}") = "1 - Services", "1 - Services", "{3E3FF6B7-3515-414A-9C0E-F7086FC8C250}"
EndProject
Project("{2150E333-8FDC-42A3-9474-1A3956D46DE8}") = "2 - Application", "2 - Application", "{A4D92D78-C480-4D8F-87C8-9B5E6323BA86}"
EndProject
Project("{2150E333-8FDC-42A3-9474-1A3956D46DE8}") = "3 - Domain", "3 - Domain", "{A24D6AA5-AE45-4034-AF53-A56993FAA858}"
EndProject
Project("{2150E333-8FDC-42A3-9474-1A3956D46DE8}") = "4 - Infra", "4 - Infra", "{8D8EA431-9C43-4675-912C-95005F5996FE}"
EndProject
Project("{2150E333-8FDC-42A3-9474-1A3956D46DE8}") = "4.1 - Data", "4.1 - Data", "{06B709BA-3E4F-472B-A13A-54FD4D81E6E5}"
EndProject
Project("{2150E333-8FDC-42A3-9474-1A3956D46DE8}") = "4.2 - CrossCutting", "4.2 - CrossCutting", "{9021EEC2-02FC-4C7A-AFF8-763348362B06}"
EndProject
Project("{FAE04EC0-301F-11D3-BF4B-00C04F79EFBC}") = "ProjetoPadrao.Domain", "ProjetoPadrao.Domain\ProjetoPadrao.Domain.csproj", "{6B7DC8AB-CBC3-4C6E-85A9-1DC345CD3A1B}"
EndProject
Project("{FAE04EC0-301F-11D3-BF4B-00C04F79EFBC}") = "ProjetoPadrao.Web.MVC", "ProjetoPadrao.Web.MVC\ProjetoPadrao.Web.MVC.csproj", "{D10E19F5-6A3F-4B85-993C-472EBDBA0F93}"
EndProject
Project("{FAE04EC0-301F-11D3-BF4B-00C04F79EFBC}") = "ProjetoPadrao.Infra.Data", "ProjetoPadrao.Infra.Data\ProjetoPadrao.Infra.Data.csproj", "{32553927-F33D-4B34-B70F-4C53E99FCD7E}"
EndProject
Project("{FAE04EC0-301F-11D3-BF4B-00C04F79EFBC}") = "ProjetoPadrao.Application", "ProjetoPadrao.Application\ProjetoPadrao.Application.csproj", "{5D3AEDD4-3EE1-4693-B433-EA6425B4A84A}"
EndProject
Global
	GlobalSection(SolutionConfigurationPlatforms) = preSolution
		Debug|Any CPU = Debug|Any CPU
		Release|Any CPU = Release|Any CPU
	EndGlobalSection
	GlobalSection(NestedProjects) = preSolution
		{06B709BA-3E4F-472B-A13A-54FD4D81E6E5} = {8D8EA431-9C43-4675-912C-95005F5996FE}
		{9021EEC2-02FC-4C7A-AFF8-763348362B06} = {8D8EA431-9C43-4675-912C-95005F5996FE}
		{6B7DC8AB-CBC3-4C6E-85A9-1DC345CD3A1B} = {A24D6AA5-AE45-4034-AF53-A56993FAA858}
		{D10E19F5-6A3F-4B85-993C-472EBDBA0F93} = {E40842CA-C248-42F5-96F1-DED81575CE79}
		{32553927-F33D-4B34-B70F-4C53E99FCD7E} = {06B709BA-3E4F-472B-A13A-54FD4D81E6E5}
		{5D3AEDD4-3EE1-4693-B433-EA6425B4A84A} = {A4D92D78-C480-4D8F-87C8-9B5E6323BA86}
	EndGlobalSection
	GlobalSection(ProjectConfigurationPlatforms) = postSolution
		{6B7DC8AB-CBC3-4C6E-85A9-1DC345CD3A1B}.Debug|Any CPU.ActiveCfg = Debug|Any CPU
		{6B7DC8AB-CBC3-4C6E-85A9-1DC345CD3A1B}.Debug|Any CPU.Build.0 = Debug|Any CPU
		{6B7DC8AB-CBC3-4C6E-85A9-1DC345CD3A1B}.Release|Any CPU.ActiveCfg = Release|Any CPU
		{6B7DC8AB-CBC3-4C6E-85A9-1DC345CD3A1B}.Release|Any CPU.Build.0 = Release|Any CPU
		{D10E19F5-6A3F-4B85-993C-472EBDBA0F93}.Debug|Any CPU.ActiveCfg = Debug|Any CPU
		{D10E19F5-6A3F-4B85-993C-472EBDBA0F93}.Debug|Any CPU.Build.0 = Debug|Any CPU
		{D10E19F5-6A3F-4B85-993C-472EBDBA0F93}.Release|Any CPU.ActiveCfg = Release|Any CPU
		{D10E19F5-6A3F-4B85-993C-472EBDBA0F93}.Release|Any CPU.Build.0 = Release|Any CPU
		{32553927-F33D-4B34-B70F-4C53E99FCD7E}.Debug|Any CPU.ActiveCfg = Debug|Any CPU
		{32553927-F33D-4B34-B70F-4C53E99FCD7E}.Debug|Any CPU.Build.0 = Debug|Any CPU
		{32553927-F33D-4B34-B70F-4C53E99FCD7E}.Release|Any CPU.ActiveCfg = Release|Any CPU
		{32553927-F33D-4B34-B70F-4C53E99FCD7E}.Release|Any CPU.Build.0 = Release|Any CPU
		{5D3AEDD4-3EE1-4693-B433-EA6425B4A84A}.Debug|Any CPU.ActiveCfg = Debug|Any CPU
		{5D3AEDD4-3EE1-4693-B433-EA6425B4A84A}.Debug|Any CPU.Build.0 = Debug|Any CPU
		{5D3AEDD4-3EE1-4693-B433-EA6425B4A84A}.Release|Any CPU.ActiveCfg = Release|Any CPU
		{5D3AEDD4-3EE1-4693-B433-EA6425B4A84A}.Release|Any CPU.Build.0 = Release|Any CPU
	EndGlobalSection
EndGlobal
